// !$*UTF8*$!
{
	archiveVersion = 1;
	classes = {
	};
	objectVersion = 46;
	objects = {

/* Begin PBXBuildFile section */
		8E156A5D0DDC318C4766207B /* libPods-AiyaEffectsDemo.a in Frameworks */ = {isa = PBXBuildFile; fileRef = 3A84222977728FD05A9A7E27 /* libPods-AiyaEffectsDemo.a */; };
		D310C553205F4E9800FD1826 /* AiyaEffectSDK.framework in Frameworks */ = {isa = PBXBuildFile; fileRef = D392C61B20514C40009883B2 /* AiyaEffectSDK.framework */; };
		D310C554205F4E9800FD1826 /* AiyaEffectSDK.framework in Embed Frameworks */ = {isa = PBXBuildFile; fileRef = D392C61B20514C40009883B2 /* AiyaEffectSDK.framework */; settings = {ATTRIBUTES = (CodeSignOnCopy, RemoveHeadersOnCopy, ); }; };
		D3190ABA1E7108E400121BAB /* main.m in Sources */ = {isa = PBXBuildFile; fileRef = D3190AB91E7108E400121BAB /* main.m */; };
		D3190ABD1E7108E400121BAB /* AppDelegate.m in Sources */ = {isa = PBXBuildFile; fileRef = D3190ABC1E7108E400121BAB /* AppDelegate.m */; };
		D3190AC01E7108E400121BAB /* ViewController.m in Sources */ = {isa = PBXBuildFile; fileRef = D3190ABF1E7108E400121BAB /* ViewController.m */; };
		D3190AC51E7108E400121BAB /* Assets.xcassets in Resources */ = {isa = PBXBuildFile; fileRef = D3190AC41E7108E400121BAB /* Assets.xcassets */; };
		D3190B301E713A3D00121BAB /* CameraView.m in Sources */ = {isa = PBXBuildFile; fileRef = D3190B2D1E713A3D00121BAB /* CameraView.m */; };
		D3190B311E713A3D00121BAB /* CircleCell.m in Sources */ = {isa = PBXBuildFile; fileRef = D3190B2F1E713A3D00121BAB /* CircleCell.m */; };
		D3190B351E7168C400121BAB /* libc++.tbd in Frameworks */ = {isa = PBXBuildFile; fileRef = D3190B341E7168C400121BAB /* libc++.tbd */; };
		D31F330E1FF39D8800B042BD /* AiyaEffectSDK.bundle in Resources */ = {isa = PBXBuildFile; fileRef = D31F330D1FF39D8700B042BD /* AiyaEffectSDK.bundle */; };
		D3481EEE1EAA072C006FB4AE /* EffectResources in Resources */ = {isa = PBXBuildFile; fileRef = D3481EED1EAA072C006FB4AE /* EffectResources */; };
		D361964F1E978C9C00C8BC0B /* libiconv.tbd in Frameworks */ = {isa = PBXBuildFile; fileRef = D361964E1E978C9C00C8BC0B /* libiconv.tbd */; };
		D393AE4D1FD387CF00DA7EB5 /* AiyaEffectFilter.m in Sources */ = {isa = PBXBuildFile; fileRef = D393AE4C1FD387CF00DA7EB5 /* AiyaEffectFilter.m */; };
		D3969C031F1F0EB6006B3372 /* FilterResources in Resources */ = {isa = PBXBuildFile; fileRef = D3969C021F1F0EB6006B3372 /* FilterResources */; };
		D3AE5C4F1FF261B4004D476B /* DeviceMonitor.m in Sources */ = {isa = PBXBuildFile; fileRef = D3AE5C481FF261B2004D476B /* DeviceMonitor.m */; };
		D3BC81BF1EF3C53E00E31D4B /* libz.tbd in Frameworks */ = {isa = PBXBuildFile; fileRef = D3190B321E7168BB00121BAB /* libz.tbd */; };
/* End PBXBuildFile section */

/* Begin PBXContainerItemProxy section */
		D310C555205F4E9800FD1826 /* PBXContainerItemProxy */ = {
			isa = PBXContainerItemProxy;
			containerPortal = D392C60C20514C3F009883B2 /* AiyaEffectSDK.xcodeproj */;
			proxyType = 1;
			remoteGlobalIDString = D37926E91FCD081A007DB5E8;
			remoteInfo = AiyaEffectSDK;
		};
		D392C61A20514C40009883B2 /* PBXContainerItemProxy */ = {
			isa = PBXContainerItemProxy;
			containerPortal = D392C60C20514C3F009883B2 /* AiyaEffectSDK.xcodeproj */;
			proxyType = 2;
			remoteGlobalIDString = D37926EA1FCD081A007DB5E8;
			remoteInfo = AiyaEffectSDK;
		};
		D392C61C20514C40009883B2 /* PBXContainerItemProxy */ = {
			isa = PBXContainerItemProxy;
			containerPortal = D392C60C20514C3F009883B2 /* AiyaEffectSDK.xcodeproj */;
			proxyType = 2;
			remoteGlobalIDString = D37926F91FCD0892007DB5E8;
			remoteInfo = AySDKCore;
		};
		D392C61E20514C40009883B2 /* PBXContainerItemProxy */ = {
			isa = PBXContainerItemProxy;
			containerPortal = D392C60C20514C3F009883B2 /* AiyaEffectSDK.xcodeproj */;
			proxyType = 2;
			remoteGlobalIDString = D37927061FCD08A0007DB5E8;
			remoteInfo = AyTrack;
		};
		D392C62020514C40009883B2 /* PBXContainerItemProxy */ = {
			isa = PBXContainerItemProxy;
			containerPortal = D392C60C20514C3F009883B2 /* AiyaEffectSDK.xcodeproj */;
			proxyType = 2;
			remoteGlobalIDString = D37927131FCD08AA007DB5E8;
			remoteInfo = AyEffect;
		};
		D392C62220514C40009883B2 /* PBXContainerItemProxy */ = {
			isa = PBXContainerItemProxy;
			containerPortal = D392C60C20514C3F009883B2 /* AiyaEffectSDK.xcodeproj */;
			proxyType = 2;
			remoteGlobalIDString = D37927201FCD08BB007DB5E8;
			remoteInfo = AyBeauty;
		};
		D392C62420514C40009883B2 /* PBXContainerItemProxy */ = {
			isa = PBXContainerItemProxy;
			containerPortal = D392C60C20514C3F009883B2 /* AiyaEffectSDK.xcodeproj */;
			proxyType = 2;
			remoteGlobalIDString = D379272D1FCD08DA007DB5E8;
			remoteInfo = AyShortVideoEffect;
		};
/* End PBXContainerItemProxy section */

/* Begin PBXCopyFilesBuildPhase section */
		D393AE6C1FD3982900DA7EB5 /* Embed Frameworks */ = {
			isa = PBXCopyFilesBuildPhase;
			buildActionMask = 2147483647;
			dstPath = "";
			dstSubfolderSpec = 10;
			files = (
				D310C554205F4E9800FD1826 /* AiyaEffectSDK.framework in Embed Frameworks */,
			);
			name = "Embed Frameworks";
			runOnlyForDeploymentPostprocessing = 0;
		};
/* End PBXCopyFilesBuildPhase section */

/* Begin PBXFileReference section */
		3A84222977728FD05A9A7E27 /* libPods-AiyaEffectsDemo.a */ = {isa = PBXFileReference; explicitFileType = archive.ar; includeInIndex = 0; path = "libPods-AiyaEffectsDemo.a"; sourceTree = BUILT_PRODUCTS_DIR; };
		71294350E0B716DB815C6811 /* Pods-AiyaEffectsDemo.release.xcconfig */ = {isa = PBXFileReference; includeInIndex = 1; lastKnownFileType = text.xcconfig; name = "Pods-AiyaEffectsDemo.release.xcconfig"; path = "Pods/Target Support Files/Pods-AiyaEffectsDemo/Pods-AiyaEffectsDemo.release.xcconfig"; sourceTree = "<group>"; };
		789AA450CDB7819EABCD7788 /* Pods-AiyaEffectsDemo.debug.xcconfig */ = {isa = PBXFileReference; includeInIndex = 1; lastKnownFileType = text.xcconfig; name = "Pods-AiyaEffectsDemo.debug.xcconfig"; path = "Pods/Target Support Files/Pods-AiyaEffectsDemo/Pods-AiyaEffectsDemo.debug.xcconfig"; sourceTree = "<group>"; };
		D3190AB51E7108E400121BAB /* AiyaEffectsDemo.app */ = {isa = PBXFileReference; explicitFileType = wrapper.application; includeInIndex = 0; path = AiyaEffectsDemo.app; sourceTree = BUILT_PRODUCTS_DIR; };
		D3190AB91E7108E400121BAB /* main.m */ = {isa = PBXFileReference; lastKnownFileType = sourcecode.c.objc; path = main.m; sourceTree = "<group>"; };
		D3190ABB1E7108E400121BAB /* AppDelegate.h */ = {isa = PBXFileReference; lastKnownFileType = sourcecode.c.h; path = AppDelegate.h; sourceTree = "<group>"; };
		D3190ABC1E7108E400121BAB /* AppDelegate.m */ = {isa = PBXFileReference; lastKnownFileType = sourcecode.c.objc; path = AppDelegate.m; sourceTree = "<group>"; };
		D3190ABE1E7108E400121BAB /* ViewController.h */ = {isa = PBXFileReference; lastKnownFileType = sourcecode.c.h; path = ViewController.h; sourceTree = "<group>"; };
		D3190ABF1E7108E400121BAB /* ViewController.m */ = {isa = PBXFileReference; lastKnownFileType = sourcecode.c.objc; path = ViewController.m; sourceTree = "<group>"; };
		D3190AC41E7108E400121BAB /* Assets.xcassets */ = {isa = PBXFileReference; lastKnownFileType = folder.assetcatalog; path = Assets.xcassets; sourceTree = "<group>"; };
		D3190AC91E7108E400121BAB /* Info.plist */ = {isa = PBXFileReference; lastKnownFileType = text.plist.xml; path = Info.plist; sourceTree = "<group>"; };
		D3190B2C1E713A3D00121BAB /* CameraView.h */ = {isa = PBXFileReference; fileEncoding = 4; lastKnownFileType = sourcecode.c.h; path = CameraView.h; sourceTree = "<group>"; };
		D3190B2D1E713A3D00121BAB /* CameraView.m */ = {isa = PBXFileReference; fileEncoding = 4; lastKnownFileType = sourcecode.c.objc; path = CameraView.m; sourceTree = "<group>"; };
		D3190B2E1E713A3D00121BAB /* CircleCell.h */ = {isa = PBXFileReference; fileEncoding = 4; lastKnownFileType = sourcecode.c.h; path = CircleCell.h; sourceTree = "<group>"; };
		D3190B2F1E713A3D00121BAB /* CircleCell.m */ = {isa = PBXFileReference; fileEncoding = 4; lastKnownFileType = sourcecode.c.objc; path = CircleCell.m; sourceTree = "<group>"; };
		D3190B321E7168BB00121BAB /* libz.tbd */ = {isa = PBXFileReference; lastKnownFileType = "sourcecode.text-based-dylib-definition"; name = libz.tbd; path = usr/lib/libz.tbd; sourceTree = SDKROOT; };
		D3190B341E7168C400121BAB /* libc++.tbd */ = {isa = PBXFileReference; lastKnownFileType = "sourcecode.text-based-dylib-definition"; name = "libc++.tbd"; path = "usr/lib/libc++.tbd"; sourceTree = SDKROOT; };
		D31F330D1FF39D8700B042BD /* AiyaEffectSDK.bundle */ = {isa = PBXFileReference; lastKnownFileType = "wrapper.plug-in"; name = AiyaEffectSDK.bundle; path = ../../../AiyaEffectSDK/AiyaEffectSDK.bundle; sourceTree = "<group>"; };
		D3481EED1EAA072C006FB4AE /* EffectResources */ = {isa = PBXFileReference; lastKnownFileType = folder; path = EffectResources; sourceTree = SOURCE_ROOT; };
		D361964E1E978C9C00C8BC0B /* libiconv.tbd */ = {isa = PBXFileReference; lastKnownFileType = "sourcecode.text-based-dylib-definition"; name = libiconv.tbd; path = usr/lib/libiconv.tbd; sourceTree = SDKROOT; };
		D392C60C20514C3F009883B2 /* AiyaEffectSDK.xcodeproj */ = {isa = PBXFileReference; lastKnownFileType = "wrapper.pb-project"; name = AiyaEffectSDK.xcodeproj; path = ../../AiyaEffectSDK/AiyaEffectSDK.xcodeproj; sourceTree = "<group>"; };
		D393AE4B1FD387CF00DA7EB5 /* AiyaEffectFilter.h */ = {isa = PBXFileReference; lastKnownFileType = sourcecode.c.h; path = AiyaEffectFilter.h; sourceTree = "<group>"; };
		D393AE4C1FD387CF00DA7EB5 /* AiyaEffectFilter.m */ = {isa = PBXFileReference; lastKnownFileType = sourcecode.c.objc; path = AiyaEffectFilter.m; sourceTree = "<group>"; };
		D393AE6E1FD3988E00DA7EB5 /* OpenAL.framework */ = {isa = PBXFileReference; lastKnownFileType = wrapper.framework; name = OpenAL.framework; path = System/Library/Frameworks/OpenAL.framework; sourceTree = SDKROOT; };
		D3969C021F1F0EB6006B3372 /* FilterResources */ = {isa = PBXFileReference; lastKnownFileType = folder; path = FilterResources; sourceTree = SOURCE_ROOT; };
		D3AE5C481FF261B2004D476B /* DeviceMonitor.m */ = {isa = PBXFileReference; fileEncoding = 4; lastKnownFileType = sourcecode.c.objc; path = DeviceMonitor.m; sourceTree = "<group>"; };
		D3AE5C501FF261DC004D476B /* DeviceMonitor.h */ = {isa = PBXFileReference; fileEncoding = 4; lastKnownFileType = sourcecode.c.h; path = DeviceMonitor.h; sourceTree = "<group>"; };
		D3D5CEF71E716DAE005C1F7A /* libc++.1.tbd */ = {isa = PBXFileReference; lastKnownFileType = "sourcecode.text-based-dylib-definition"; name = "libc++.1.tbd"; path = "usr/lib/libc++.1.tbd"; sourceTree = SDKROOT; };
		D3D5CEF91E716DC5005C1F7A /* CoreMIDI.framework */ = {isa = PBXFileReference; lastKnownFileType = wrapper.framework; name = CoreMIDI.framework; path = System/Library/Frameworks/CoreMIDI.framework; sourceTree = SDKROOT; };
		D3D5CEFB1E716DCE005C1F7A /* CoreMedia.framework */ = {isa = PBXFileReference; lastKnownFileType = wrapper.framework; name = CoreMedia.framework; path = System/Library/Frameworks/CoreMedia.framework; sourceTree = SDKROOT; };
		D3D5CEFD1E716DD9005C1F7A /* AssetsLibrary.framework */ = {isa = PBXFileReference; lastKnownFileType = wrapper.framework; name = AssetsLibrary.framework; path = System/Library/Frameworks/AssetsLibrary.framework; sourceTree = SDKROOT; };
		D3D5CEFF1E716DE4005C1F7A /* CoreGraphics.framework */ = {isa = PBXFileReference; lastKnownFileType = wrapper.framework; name = CoreGraphics.framework; path = System/Library/Frameworks/CoreGraphics.framework; sourceTree = SDKROOT; };
/* End PBXFileReference section */

/* Begin PBXFrameworksBuildPhase section */
		D3190AB21E7108E400121BAB /* Frameworks */ = {
			isa = PBXFrameworksBuildPhase;
			buildActionMask = 2147483647;
			files = (
				D3BC81BF1EF3C53E00E31D4B /* libz.tbd in Frameworks */,
				D361964F1E978C9C00C8BC0B /* libiconv.tbd in Frameworks */,
				D3190B351E7168C400121BAB /* libc++.tbd in Frameworks */,
				D310C553205F4E9800FD1826 /* AiyaEffectSDK.framework in Frameworks */,
				8E156A5D0DDC318C4766207B /* libPods-AiyaEffectsDemo.a in Frameworks */,
			);
			runOnlyForDeploymentPostprocessing = 0;
		};
/* End PBXFrameworksBuildPhase section */

/* Begin PBXGroup section */
		03CF003D302261D1516C81F3 /* Pods */ = {
			isa = PBXGroup;
			children = (
				789AA450CDB7819EABCD7788 /* Pods-AiyaEffectsDemo.debug.xcconfig */,
				71294350E0B716DB815C6811 /* Pods-AiyaEffectsDemo.release.xcconfig */,
			);
			name = Pods;
			sourceTree = "<group>";
		};
		B39C98AC3A4107F581005916 /* Frameworks */ = {
			isa = PBXGroup;
			children = (
				D393AE6E1FD3988E00DA7EB5 /* OpenAL.framework */,
				D361964E1E978C9C00C8BC0B /* libiconv.tbd */,
				D3D5CEFF1E716DE4005C1F7A /* CoreGraphics.framework */,
				D3D5CEFD1E716DD9005C1F7A /* AssetsLibrary.framework */,
				D3D5CEFB1E716DCE005C1F7A /* CoreMedia.framework */,
				D3D5CEF91E716DC5005C1F7A /* CoreMIDI.framework */,
				D3D5CEF71E716DAE005C1F7A /* libc++.1.tbd */,
				D3190B341E7168C400121BAB /* libc++.tbd */,
				D3190B321E7168BB00121BAB /* libz.tbd */,
				3A84222977728FD05A9A7E27 /* libPods-AiyaEffectsDemo.a */,
			);
			name = Frameworks;
			sourceTree = "<group>";
		};
		D3190AAC1E7108E400121BAB = {
			isa = PBXGroup;
			children = (
				D392C60C20514C3F009883B2 /* AiyaEffectSDK.xcodeproj */,
				D3190AB71E7108E400121BAB /* AiyaEffectsDemo */,
				D3190AB61E7108E400121BAB /* Products */,
				03CF003D302261D1516C81F3 /* Pods */,
				B39C98AC3A4107F581005916 /* Frameworks */,
			);
			sourceTree = "<group>";
		};
		D3190AB61E7108E400121BAB /* Products */ = {
			isa = PBXGroup;
			children = (
				D3190AB51E7108E400121BAB /* AiyaEffectsDemo.app */,
			);
			name = Products;
			sourceTree = "<group>";
		};
		D3190AB71E7108E400121BAB /* AiyaEffectsDemo */ = {
			isa = PBXGroup;
			children = (
				D3481EED1EAA072C006FB4AE /* EffectResources */,
				D3969C021F1F0EB6006B3372 /* FilterResources */,
				D31F330D1FF39D8700B042BD /* AiyaEffectSDK.bundle */,
				D3190ABB1E7108E400121BAB /* AppDelegate.h */,
				D3190ABC1E7108E400121BAB /* AppDelegate.m */,
				D3190ABE1E7108E400121BAB /* ViewController.h */,
				D3190ABF1E7108E400121BAB /* ViewController.m */,
				D393AE4B1FD387CF00DA7EB5 /* AiyaEffectFilter.h */,
				D393AE4C1FD387CF00DA7EB5 /* AiyaEffectFilter.m */,
				D3AE5C501FF261DC004D476B /* DeviceMonitor.h */,
				D3AE5C481FF261B2004D476B /* DeviceMonitor.m */,
				D3190AC41E7108E400121BAB /* Assets.xcassets */,
				D3190AC91E7108E400121BAB /* Info.plist */,
				D3190B2B1E713A3D00121BAB /* View */,
				D3190AB81E7108E400121BAB /* Supporting Files */,
			);
			path = AiyaEffectsDemo;
			sourceTree = "<group>";
		};
		D3190AB81E7108E400121BAB /* Supporting Files */ = {
			isa = PBXGroup;
			children = (
				D3190AB91E7108E400121BAB /* main.m */,
			);
			name = "Supporting Files";
			sourceTree = "<group>";
		};
		D3190B2B1E713A3D00121BAB /* View */ = {
			isa = PBXGroup;
			children = (
				D3190B2C1E713A3D00121BAB /* CameraView.h */,
				D3190B2D1E713A3D00121BAB /* CameraView.m */,
				D3190B2E1E713A3D00121BAB /* CircleCell.h */,
				D3190B2F1E713A3D00121BAB /* CircleCell.m */,
			);
			path = View;
			sourceTree = "<group>";
		};
		D392C60D20514C3F009883B2 /* Products */ = {
			isa = PBXGroup;
			children = (
				D392C61B20514C40009883B2 /* AiyaEffectSDK.framework */,
				D392C61D20514C40009883B2 /* libAySDKCore.a */,
				D392C61F20514C40009883B2 /* libAyTrack.a */,
				D392C62120514C40009883B2 /* libAyEffect.a */,
				D392C62320514C40009883B2 /* libAyBeauty.a */,
				D392C62520514C40009883B2 /* libAyShortVideoEffect.a */,
			);
			name = Products;
			sourceTree = "<group>";
		};
/* End PBXGroup section */

/* Begin PBXNativeTarget section */
		D3190AB41E7108E400121BAB /* AiyaEffectsDemo */ = {
			isa = PBXNativeTarget;
			buildConfigurationList = D3190ACC1E7108E400121BAB /* Build configuration list for PBXNativeTarget "AiyaEffectsDemo" */;
			buildPhases = (
				4FF5148A112D8C1FE162FF15 /* [CP] Check Pods Manifest.lock */,
				D3190AB11E7108E400121BAB /* Sources */,
				D3190AB21E7108E400121BAB /* Frameworks */,
				D3190AB31E7108E400121BAB /* Resources */,
				0F287D3029C390FBFCDC2993 /* [CP] Embed Pods Frameworks */,
				8C6443B829A814F6264E1F10 /* [CP] Copy Pods Resources */,
				D393AE6C1FD3982900DA7EB5 /* Embed Frameworks */,
			);
			buildRules = (
			);
			dependencies = (
				D310C556205F4E9800FD1826 /* PBXTargetDependency */,
			);
			name = AiyaEffectsDemo;
			productName = AiyaEffectsDemo;
			productReference = D3190AB51E7108E400121BAB /* AiyaEffectsDemo.app */;
			productType = "com.apple.product-type.application";
		};
/* End PBXNativeTarget section */

/* Begin PBXProject section */
		D3190AAD1E7108E400121BAB /* Project object */ = {
			isa = PBXProject;
			attributes = {
				LastUpgradeCheck = 0920;
				ORGANIZATIONNAME = "深圳哎吖科技";
				TargetAttributes = {
					D3190AB41E7108E400121BAB = {
						CreatedOnToolsVersion = 8.2.1;
						DevelopmentTeam = G29KBS7YUL;
						ProvisioningStyle = Automatic;
					};
				};
			};
			buildConfigurationList = D3190AB01E7108E400121BAB /* Build configuration list for PBXProject "AiyaEffectsDemo" */;
			compatibilityVersion = "Xcode 3.2";
			developmentRegion = English;
			hasScannedForEncodings = 0;
			knownRegions = (
				en,
				Base,
			);
			mainGroup = D3190AAC1E7108E400121BAB;
			productRefGroup = D3190AB61E7108E400121BAB /* Products */;
			projectDirPath = "";
			projectReferences = (
				{
					ProductGroup = D392C60D20514C3F009883B2 /* Products */;
					ProjectRef = D392C60C20514C3F009883B2 /* AiyaEffectSDK.xcodeproj */;
				},
			);
			projectRoot = "";
			targets = (
				D3190AB41E7108E400121BAB /* AiyaEffectsDemo */,
			);
		};
/* End PBXProject section */

/* Begin PBXReferenceProxy section */
		D392C61B20514C40009883B2 /* AiyaEffectSDK.framework */ = {
			isa = PBXReferenceProxy;
			fileType = wrapper.framework;
			path = AiyaEffectSDK.framework;
			remoteRef = D392C61A20514C40009883B2 /* PBXContainerItemProxy */;
			sourceTree = BUILT_PRODUCTS_DIR;
		};
		D392C61D20514C40009883B2 /* libAySDKCore.a */ = {
			isa = PBXReferenceProxy;
			fileType = archive.ar;
			path = libAySDKCore.a;
			remoteRef = D392C61C20514C40009883B2 /* PBXContainerItemProxy */;
			sourceTree = BUILT_PRODUCTS_DIR;
		};
		D392C61F20514C40009883B2 /* libAyTrack.a */ = {
			isa = PBXReferenceProxy;
			fileType = archive.ar;
			path = libAyTrack.a;
			remoteRef = D392C61E20514C40009883B2 /* PBXContainerItemProxy */;
			sourceTree = BUILT_PRODUCTS_DIR;
		};
		D392C62120514C40009883B2 /* libAyEffect.a */ = {
			isa = PBXReferenceProxy;
			fileType = archive.ar;
			path = libAyEffect.a;
			remoteRef = D392C62020514C40009883B2 /* PBXContainerItemProxy */;
			sourceTree = BUILT_PRODUCTS_DIR;
		};
		D392C62320514C40009883B2 /* libAyBeauty.a */ = {
			isa = PBXReferenceProxy;
			fileType = archive.ar;
			path = libAyBeauty.a;
			remoteRef = D392C62220514C40009883B2 /* PBXContainerItemProxy */;
			sourceTree = BUILT_PRODUCTS_DIR;
		};
		D392C62520514C40009883B2 /* libAyShortVideoEffect.a */ = {
			isa = PBXReferenceProxy;
			fileType = archive.ar;
			path = libAyShortVideoEffect.a;
			remoteRef = D392C62420514C40009883B2 /* PBXContainerItemProxy */;
			sourceTree = BUILT_PRODUCTS_DIR;
		};
/* End PBXReferenceProxy section */

/* Begin PBXResourcesBuildPhase section */
		D3190AB31E7108E400121BAB /* Resources */ = {
			isa = PBXResourcesBuildPhase;
			buildActionMask = 2147483647;
			files = (
				D3969C031F1F0EB6006B3372 /* FilterResources in Resources */,
				D3190AC51E7108E400121BAB /* Assets.xcassets in Resources */,
				D3481EEE1EAA072C006FB4AE /* EffectResources in Resources */,
				D31F330E1FF39D8800B042BD /* AiyaEffectSDK.bundle in Resources */,
			);
			runOnlyForDeploymentPostprocessing = 0;
		};
/* End PBXResourcesBuildPhase section */

/* Begin PBXShellScriptBuildPhase section */
		0F287D3029C390FBFCDC2993 /* [CP] Embed Pods Frameworks */ = {
			isa = PBXShellScriptBuildPhase;
			buildActionMask = 2147483647;
			files = (
			);
			inputPaths = (
			);
			name = "[CP] Embed Pods Frameworks";
			outputPaths = (
			);
			runOnlyForDeploymentPostprocessing = 0;
			shellPath = /bin/sh;
			shellScript = "\"${SRCROOT}/Pods/Target Support Files/Pods-AiyaEffectsDemo/Pods-AiyaEffectsDemo-frameworks.sh\"\n";
			showEnvVarsInLog = 0;
		};
		4FF5148A112D8C1FE162FF15 /* [CP] Check Pods Manifest.lock */ = {
			isa = PBXShellScriptBuildPhase;
			buildActionMask = 2147483647;
			files = (
			);
			inputPaths = (
			);
			name = "[CP] Check Pods Manifest.lock";
			outputPaths = (
			);
			runOnlyForDeploymentPostprocessing = 0;
			shellPath = /bin/sh;
			shellScript = "diff \"${PODS_PODFILE_DIR_PATH}/Podfile.lock\" \"${PODS_ROOT}/Manifest.lock\" > /dev/null\nif [ $? != 0 ] ; then\n    # print error to STDERR\n    echo \"error: The sandbox is not in sync with the Podfile.lock. Run 'pod install' or update your CocoaPods installation.\" >&2\n    exit 1\nfi\n";
			showEnvVarsInLog = 0;
		};
		8C6443B829A814F6264E1F10 /* [CP] Copy Pods Resources */ = {
			isa = PBXShellScriptBuildPhase;
			buildActionMask = 2147483647;
			files = (
			);
			inputPaths = (
			);
			name = "[CP] Copy Pods Resources";
			outputPaths = (
			);
			runOnlyForDeploymentPostprocessing = 0;
			shellPath = /bin/sh;
			shellScript = "\"${SRCROOT}/Pods/Target Support Files/Pods-AiyaEffectsDemo/Pods-AiyaEffectsDemo-resources.sh\"\n";
			showEnvVarsInLog = 0;
		};
/* End PBXShellScriptBuildPhase section */

/* Begin PBXSourcesBuildPhase section */
		D3190AB11E7108E400121BAB /* Sources */ = {
			isa = PBXSourcesBuildPhase;
			buildActionMask = 2147483647;
			files = (
				D393AE4D1FD387CF00DA7EB5 /* AiyaEffectFilter.m in Sources */,
				D3190B311E713A3D00121BAB /* CircleCell.m in Sources */,
				D3AE5C4F1FF261B4004D476B /* DeviceMonitor.m in Sources */,
				D3190AC01E7108E400121BAB /* ViewController.m in Sources */,
				D3190ABD1E7108E400121BAB /* AppDelegate.m in Sources */,
				D3190ABA1E7108E400121BAB /* main.m in Sources */,
				D3190B301E713A3D00121BAB /* CameraView.m in Sources */,
			);
			runOnlyForDeploymentPostprocessing = 0;
		};
/* End PBXSourcesBuildPhase section */

/* Begin PBXTargetDependency section */
		D310C556205F4E9800FD1826 /* PBXTargetDependency */ = {
			isa = PBXTargetDependency;
			name = AiyaEffectSDK;
			targetProxy = D310C555205F4E9800FD1826 /* PBXContainerItemProxy */;
		};
/* End PBXTargetDependency section */

/* Begin XCBuildConfiguration section */
		D3190ACA1E7108E400121BAB /* Debug */ = {
			isa = XCBuildConfiguration;
			buildSettings = {
				ALWAYS_SEARCH_USER_PATHS = NO;
				CLANG_ANALYZER_NONNULL = YES;
				CLANG_CXX_LANGUAGE_STANDARD = "gnu++0x";
				CLANG_CXX_LIBRARY = "libc++";
				CLANG_ENABLE_MODULES = YES;
				CLANG_ENABLE_OBJC_ARC = YES;
				CLANG_WARN_BOOL_CONVERSION = YES;
				CLANG_WARN_CONSTANT_CONVERSION = YES;
				CLANG_WARN_DIRECT_OBJC_ISA_USAGE = YES_ERROR;
				CLANG_WARN_DOCUMENTATION_COMMENTS = YES;
				CLANG_WARN_EMPTY_BODY = YES;
				CLANG_WARN_ENUM_CONVERSION = YES;
				CLANG_WARN_INFINITE_RECURSION = YES;
				CLANG_WARN_INT_CONVERSION = YES;
				CLANG_WARN_OBJC_ROOT_CLASS = YES_ERROR;
				CLANG_WARN_SUSPICIOUS_MOVE = YES;
				CLANG_WARN_UNREACHABLE_CODE = YES;
				CLANG_WARN__DUPLICATE_METHOD_MATCH = YES;
				"CODE_SIGN_IDENTITY[sdk=iphoneos*]" = "iPhone Developer";
				COPY_PHASE_STRIP = NO;
				DEBUG_INFORMATION_FORMAT = dwarf;
				ENABLE_STRICT_OBJC_MSGSEND = YES;
				ENABLE_TESTABILITY = YES;
				GCC_C_LANGUAGE_STANDARD = gnu99;
				GCC_DYNAMIC_NO_PIC = NO;
				GCC_NO_COMMON_BLOCKS = YES;
				GCC_OPTIMIZATION_LEVEL = 0;
				GCC_PREPROCESSOR_DEFINITIONS = (
					"DEBUG=1",
					"$(inherited)",
				);
				GCC_WARN_64_TO_32_BIT_CONVERSION = YES;
				GCC_WARN_ABOUT_RETURN_TYPE = YES_ERROR;
				GCC_WARN_UNDECLARED_SELECTOR = YES;
				GCC_WARN_UNINITIALIZED_AUTOS = YES_AGGRESSIVE;
				GCC_WARN_UNUSED_FUNCTION = YES;
				GCC_WARN_UNUSED_VARIABLE = YES;
				IPHONEOS_DEPLOYMENT_TARGET = 8.0;
				MTL_ENABLE_DEBUG_INFO = YES;
				ONLY_ACTIVE_ARCH = YES;
				SDKROOT = iphoneos;
			};
			name = Debug;
		};
		D3190ACB1E7108E400121BAB /* Release */ = {
			isa = XCBuildConfiguration;
			buildSettings = {
				ALWAYS_SEARCH_USER_PATHS = NO;
				CLANG_ANALYZER_NONNULL = YES;
				CLANG_CXX_LANGUAGE_STANDARD = "gnu++0x";
				CLANG_CXX_LIBRARY = "libc++";
				CLANG_ENABLE_MODULES = YES;
				CLANG_ENABLE_OBJC_ARC = YES;
				CLANG_WARN_BOOL_CONVERSION = YES;
				CLANG_WARN_CONSTANT_CONVERSION = YES;
				CLANG_WARN_DIRECT_OBJC_ISA_USAGE = YES_ERROR;
				CLANG_WARN_DOCUMENTATION_COMMENTS = YES;
				CLANG_WARN_EMPTY_BODY = YES;
				CLANG_WARN_ENUM_CONVERSION = YES;
				CLANG_WARN_INFINITE_RECURSION = YES;
				CLANG_WARN_INT_CONVERSION = YES;
				CLANG_WARN_OBJC_ROOT_CLASS = YES_ERROR;
				CLANG_WARN_SUSPICIOUS_MOVE = YES;
				CLANG_WARN_UNREACHABLE_CODE = YES;
				CLANG_WARN__DUPLICATE_METHOD_MATCH = YES;
				"CODE_SIGN_IDENTITY[sdk=iphoneos*]" = "iPhone Developer";
				COPY_PHASE_STRIP = NO;
				DEBUG_INFORMATION_FORMAT = "dwarf-with-dsym";
				ENABLE_NS_ASSERTIONS = NO;
				ENABLE_STRICT_OBJC_MSGSEND = YES;
				GCC_C_LANGUAGE_STANDARD = gnu99;
				GCC_NO_COMMON_BLOCKS = YES;
				GCC_WARN_64_TO_32_BIT_CONVERSION = YES;
				GCC_WARN_ABOUT_RETURN_TYPE = YES_ERROR;
				GCC_WARN_UNDECLARED_SELECTOR = YES;
				GCC_WARN_UNINITIALIZED_AUTOS = YES_AGGRESSIVE;
				GCC_WARN_UNUSED_FUNCTION = YES;
				GCC_WARN_UNUSED_VARIABLE = YES;
				IPHONEOS_DEPLOYMENT_TARGET = 8.0;
				MTL_ENABLE_DEBUG_INFO = NO;
				SDKROOT = iphoneos;
				VALIDATE_PRODUCT = YES;
			};
			name = Release;
		};
		D3190ACD1E7108E400121BAB /* Debug */ = {
			isa = XCBuildConfiguration;
			baseConfigurationReference = 789AA450CDB7819EABCD7788 /* Pods-AiyaEffectsDemo.debug.xcconfig */;
			buildSettings = {
				ASSETCATALOG_COMPILER_APPICON_NAME = AppIcon;
				ASSETCATALOG_COMPILER_LAUNCHIMAGE_NAME = LaunchImage;
				DEVELOPMENT_TEAM = G29KBS7YUL;
				ENABLE_BITCODE = YES;
				FRAMEWORK_SEARCH_PATHS = "$(inherited)";
				INFOPLIST_FILE = AiyaEffectsDemo/Info.plist;
				IPHONEOS_DEPLOYMENT_TARGET = 8.0;
				LD_RUNPATH_SEARCH_PATHS = "$(inherited) @executable_path/Frameworks";
				LIBRARY_SEARCH_PATHS = "$(inherited)";
				PRODUCT_BUNDLE_IDENTIFIER = com.aiyaapp.aiya.AiyaEffectDemo;
				PRODUCT_NAME = "$(TARGET_NAME)";
			};
			name = Debug;
		};
		D3190ACE1E7108E400121BAB /* Release */ = {
			isa = XCBuildConfiguration;
			baseConfigurationReference = 71294350E0B716DB815C6811 /* Pods-AiyaEffectsDemo.release.xcconfig */;
			buildSettings = {
				ASSETCATALOG_COMPILER_APPICON_NAME = AppIcon;
				ASSETCATALOG_COMPILER_LAUNCHIMAGE_NAME = LaunchImage;
				DEVELOPMENT_TEAM = G29KBS7YUL;
				ENABLE_BITCODE = YES;
				FRAMEWORK_SEARCH_PATHS = "$(inherited)";
				INFOPLIST_FILE = AiyaEffectsDemo/Info.plist;
				IPHONEOS_DEPLOYMENT_TARGET = 8.0;
				LD_RUNPATH_SEARCH_PATHS = "$(inherited) @executable_path/Frameworks";
				LIBRARY_SEARCH_PATHS = "$(inherited)";
				PRODUCT_BUNDLE_IDENTIFIER = com.aiyaapp.aiya.AiyaEffectDemo;
				PRODUCT_NAME = "$(TARGET_NAME)";
			};
			name = Release;
		};
/* End XCBuildConfiguration section */

/* Begin XCConfigurationList section */
		D3190AB01E7108E400121BAB /* Build configuration list for PBXProject "AiyaEffectsDemo" */ = {
			isa = XCConfigurationList;
			buildConfigurations = (
				D3190ACA1E7108E400121BAB /* Debug */,
				D3190ACB1E7108E400121BAB /* Release */,
			);
			defaultConfigurationIsVisible = 0;
			defaultConfigurationName = Release;
		};
		D3190ACC1E7108E400121BAB /* Build configuration list for PBXNativeTarget "AiyaEffectsDemo" */ = {
			isa = XCConfigurationList;
			buildConfigurations = (
				D3190ACD1E7108E400121BAB /* Debug */,
				D3190ACE1E7108E400121BAB /* Release */,
			);
			defaultConfigurationIsVisible = 0;
			defaultConfigurationName = Release;
		};
/* End XCConfigurationList section */
	};
	rootObject = D3190AAD1E7108E400121BAB /* Project object */;
}
