// !$*UTF8*$!
{
	archiveVersion = 1;
	classes = {
	};
	objectVersion = 48;
	objects = {

/* Begin PBXBuildFile section */
		D34C48DF1FF4E64A004BCD61 /* AppDelegate.m in Sources */ = {isa = PBXBuildFile; fileRef = D34C48DE1FF4E64A004BCD61 /* AppDelegate.m */; };
		D34C48E21FF4E64A004BCD61 /* ViewController.m in Sources */ = {isa = PBXBuildFile; fileRef = D34C48E11FF4E64A004BCD61 /* ViewController.m */; };
		D34C48E71FF4E64A004BCD61 /* Assets.xcassets in Resources */ = {isa = PBXBuildFile; fileRef = D34C48E61FF4E64A004BCD61 /* Assets.xcassets */; };
		D34C48ED1FF4E64B004BCD61 /* main.m in Sources */ = {isa = PBXBuildFile; fileRef = D34C48EC1FF4E64B004BCD61 /* main.m */; };
		D34C48F51FF4E712004BCD61 /* Camera.m in Sources */ = {isa = PBXBuildFile; fileRef = D34C48F41FF4E712004BCD61 /* Camera.m */; };
		D34C48FB1FF5045A004BCD61 /* Preview.m in Sources */ = {isa = PBXBuildFile; fileRef = D34C48FA1FF5045A004BCD61 /* Preview.m */; };
		D34C49001FF50FB6004BCD61 /* OpenglHelper.m in Sources */ = {isa = PBXBuildFile; fileRef = D34C48FE1FF50FB2004BCD61 /* OpenglHelper.m */; };
		D38485AA1FF5C9D6005197E5 /* CameraDataProcess.m in Sources */ = {isa = PBXBuildFile; fileRef = D38485A91FF5C9D6005197E5 /* CameraDataProcess.m */; };
		D38485B41FF62DA5005197E5 /* MediaWriter.m in Sources */ = {isa = PBXBuildFile; fileRef = D38485B21FF62DA0005197E5 /* MediaWriter.m */; };
		D3A92E221FF643DC003D4C65 /* AiyaEffectSDK.bundle in Resources */ = {isa = PBXBuildFile; fileRef = D3A92E211FF643DC003D4C65 /* AiyaEffectSDK.bundle */; };
		D3A92E251FF643E7003D4C65 /* AiyaEffectSDK.framework in Frameworks */ = {isa = PBXBuildFile; fileRef = D3A92E161FF643D4003D4C65 /* AiyaEffectSDK.framework */; };
		D3A92E261FF643E7003D4C65 /* AiyaEffectSDK.framework in Embed Frameworks */ = {isa = PBXBuildFile; fileRef = D3A92E161FF643D4003D4C65 /* AiyaEffectSDK.framework */; settings = {ATTRIBUTES = (CodeSignOnCopy, RemoveHeadersOnCopy, ); }; };
		D3A92E2C1FF643ED003D4C65 /* libiconv.tbd in Frameworks */ = {isa = PBXBuildFile; fileRef = D3A92E2B1FF643ED003D4C65 /* libiconv.tbd */; };
		D3A92E2E1FF643F3003D4C65 /* libz.tbd in Frameworks */ = {isa = PBXBuildFile; fileRef = D3A92E2D1FF643F3003D4C65 /* libz.tbd */; };
		D3A92E301FF643FA003D4C65 /* libc++.tbd in Frameworks */ = {isa = PBXBuildFile; fileRef = D3A92E2F1FF643FA003D4C65 /* libc++.tbd */; };
		D3A92E351FF6468D003D4C65 /* gougou in Resources */ = {isa = PBXBuildFile; fileRef = D3A92E341FF6468D003D4C65 /* gougou */; };
		D3A92E371FF65013003D4C65 /* grass in Resources */ = {isa = PBXBuildFile; fileRef = D3A92E361FF65013003D4C65 /* grass */; };
/* End PBXBuildFile section */

/* Begin PBXContainerItemProxy section */
		D3A92E151FF643D4003D4C65 /* PBXContainerItemProxy */ = {
			isa = PBXContainerItemProxy;
			containerPortal = D3A92E0C1FF643D4003D4C65 /* AiyaEffectSDK.xcodeproj */;
			proxyType = 2;
			remoteGlobalIDString = D37926EA1FCD081A007DB5E8;
			remoteInfo = AiyaEffectSDK;
		};
		D3A92E171FF643D4003D4C65 /* PBXContainerItemProxy */ = {
			isa = PBXContainerItemProxy;
			containerPortal = D3A92E0C1FF643D4003D4C65 /* AiyaEffectSDK.xcodeproj */;
			proxyType = 2;
			remoteGlobalIDString = D37926F91FCD0892007DB5E8;
			remoteInfo = AySDKCore;
		};
		D3A92E191FF643D4003D4C65 /* PBXContainerItemProxy */ = {
			isa = PBXContainerItemProxy;
			containerPortal = D3A92E0C1FF643D4003D4C65 /* AiyaEffectSDK.xcodeproj */;
			proxyType = 2;
			remoteGlobalIDString = D37927061FCD08A0007DB5E8;
			remoteInfo = AyTrack;
		};
		D3A92E1B1FF643D4003D4C65 /* PBXContainerItemProxy */ = {
			isa = PBXContainerItemProxy;
			containerPortal = D3A92E0C1FF643D4003D4C65 /* AiyaEffectSDK.xcodeproj */;
			proxyType = 2;
			remoteGlobalIDString = D37927131FCD08AA007DB5E8;
			remoteInfo = AyEffect;
		};
		D3A92E1D1FF643D4003D4C65 /* PBXContainerItemProxy */ = {
			isa = PBXContainerItemProxy;
			containerPortal = D3A92E0C1FF643D4003D4C65 /* AiyaEffectSDK.xcodeproj */;
			proxyType = 2;
			remoteGlobalIDString = D37927201FCD08BB007DB5E8;
			remoteInfo = AyBeauty;
		};
		D3A92E1F1FF643D4003D4C65 /* PBXContainerItemProxy */ = {
			isa = PBXContainerItemProxy;
			containerPortal = D3A92E0C1FF643D4003D4C65 /* AiyaEffectSDK.xcodeproj */;
			proxyType = 2;
			remoteGlobalIDString = D379272D1FCD08DA007DB5E8;
			remoteInfo = AyShortVideoEffect;
		};
		D3A92E231FF643E2003D4C65 /* PBXContainerItemProxy */ = {
			isa = PBXContainerItemProxy;
			containerPortal = D3A92E0C1FF643D4003D4C65 /* AiyaEffectSDK.xcodeproj */;
			proxyType = 1;
			remoteGlobalIDString = D37926E91FCD081A007DB5E8;
			remoteInfo = AiyaEffectSDK;
		};
		D3A92E271FF643E7003D4C65 /* PBXContainerItemProxy */ = {
			isa = PBXContainerItemProxy;
			containerPortal = D3A92E0C1FF643D4003D4C65 /* AiyaEffectSDK.xcodeproj */;
			proxyType = 1;
			remoteGlobalIDString = D37926E91FCD081A007DB5E8;
			remoteInfo = AiyaEffectSDK;
		};
/* End PBXContainerItemProxy section */

/* Begin PBXCopyFilesBuildPhase section */
		D3A92E291FF643E7003D4C65 /* Embed Frameworks */ = {
			isa = PBXCopyFilesBuildPhase;
			buildActionMask = 2147483647;
			dstPath = "";
			dstSubfolderSpec = 10;
			files = (
				D3A92E261FF643E7003D4C65 /* AiyaEffectSDK.framework in Embed Frameworks */,
			);
			name = "Embed Frameworks";
			runOnlyForDeploymentPostprocessing = 0;
		};
/* End PBXCopyFilesBuildPhase section */

/* Begin PBXFileReference section */
		D34C48DA1FF4E649004BCD61 /* AiyaVideoRecord.app */ = {isa = PBXFileReference; explicitFileType = wrapper.application; includeInIndex = 0; path = AiyaVideoRecord.app; sourceTree = BUILT_PRODUCTS_DIR; };
		D34C48DD1FF4E64A004BCD61 /* AppDelegate.h */ = {isa = PBXFileReference; lastKnownFileType = sourcecode.c.h; path = AppDelegate.h; sourceTree = "<group>"; };
		D34C48DE1FF4E64A004BCD61 /* AppDelegate.m */ = {isa = PBXFileReference; lastKnownFileType = sourcecode.c.objc; path = AppDelegate.m; sourceTree = "<group>"; };
		D34C48E01FF4E64A004BCD61 /* ViewController.h */ = {isa = PBXFileReference; lastKnownFileType = sourcecode.c.h; path = ViewController.h; sourceTree = "<group>"; };
		D34C48E11FF4E64A004BCD61 /* ViewController.m */ = {isa = PBXFileReference; lastKnownFileType = sourcecode.c.objc; path = ViewController.m; sourceTree = "<group>"; };
		D34C48E61FF4E64A004BCD61 /* Assets.xcassets */ = {isa = PBXFileReference; lastKnownFileType = folder.assetcatalog; path = Assets.xcassets; sourceTree = "<group>"; };
		D34C48EB1FF4E64A004BCD61 /* Info.plist */ = {isa = PBXFileReference; lastKnownFileType = text.plist.xml; path = Info.plist; sourceTree = "<group>"; };
		D34C48EC1FF4E64B004BCD61 /* main.m */ = {isa = PBXFileReference; lastKnownFileType = sourcecode.c.objc; path = main.m; sourceTree = "<group>"; };
		D34C48F31FF4E712004BCD61 /* Camera.h */ = {isa = PBXFileReference; lastKnownFileType = sourcecode.c.h; path = Camera.h; sourceTree = "<group>"; };
		D34C48F41FF4E712004BCD61 /* Camera.m */ = {isa = PBXFileReference; lastKnownFileType = sourcecode.c.objc; path = Camera.m; sourceTree = "<group>"; };
		D34C48F91FF5045A004BCD61 /* Preview.h */ = {isa = PBXFileReference; lastKnownFileType = sourcecode.c.h; path = Preview.h; sourceTree = "<group>"; };
		D34C48FA1FF5045A004BCD61 /* Preview.m */ = {isa = PBXFileReference; lastKnownFileType = sourcecode.c.objc; path = Preview.m; sourceTree = "<group>"; };
		D34C48FE1FF50FB2004BCD61 /* OpenglHelper.m */ = {isa = PBXFileReference; fileEncoding = 4; lastKnownFileType = sourcecode.c.objc; path = OpenglHelper.m; sourceTree = "<group>"; };
		D34C48FF1FF50FB5004BCD61 /* OpenglHelper.h */ = {isa = PBXFileReference; fileEncoding = 4; lastKnownFileType = sourcecode.c.h; path = OpenglHelper.h; sourceTree = "<group>"; };
		D38485A81FF5C9D6005197E5 /* CameraDataProcess.h */ = {isa = PBXFileReference; lastKnownFileType = sourcecode.c.h; path = CameraDataProcess.h; sourceTree = "<group>"; };
		D38485A91FF5C9D6005197E5 /* CameraDataProcess.m */ = {isa = PBXFileReference; lastKnownFileType = sourcecode.c.objc; path = CameraDataProcess.m; sourceTree = "<group>"; };
		D38485B21FF62DA0005197E5 /* MediaWriter.m */ = {isa = PBXFileReference; fileEncoding = 4; lastKnownFileType = sourcecode.c.objc; path = MediaWriter.m; sourceTree = "<group>"; };
		D38485B31FF62DA4005197E5 /* MediaWriter.h */ = {isa = PBXFileReference; fileEncoding = 4; lastKnownFileType = sourcecode.c.h; path = MediaWriter.h; sourceTree = "<group>"; };
		D3A92E0C1FF643D4003D4C65 /* AiyaEffectSDK.xcodeproj */ = {isa = PBXFileReference; lastKnownFileType = "wrapper.pb-project"; name = AiyaEffectSDK.xcodeproj; path = ../../AiyaEffectSDK/AiyaEffectSDK.xcodeproj; sourceTree = "<group>"; };
		D3A92E211FF643DC003D4C65 /* AiyaEffectSDK.bundle */ = {isa = PBXFileReference; lastKnownFileType = "wrapper.plug-in"; name = AiyaEffectSDK.bundle; path = ../../../AiyaEffectSDK/AiyaEffectSDK.bundle; sourceTree = "<group>"; };
		D3A92E2B1FF643ED003D4C65 /* libiconv.tbd */ = {isa = PBXFileReference; lastKnownFileType = "sourcecode.text-based-dylib-definition"; name = libiconv.tbd; path = usr/lib/libiconv.tbd; sourceTree = SDKROOT; };
		D3A92E2D1FF643F3003D4C65 /* libz.tbd */ = {isa = PBXFileReference; lastKnownFileType = "sourcecode.text-based-dylib-definition"; name = libz.tbd; path = usr/lib/libz.tbd; sourceTree = SDKROOT; };
		D3A92E2F1FF643FA003D4C65 /* libc++.tbd */ = {isa = PBXFileReference; lastKnownFileType = "sourcecode.text-based-dylib-definition"; name = "libc++.tbd"; path = "usr/lib/libc++.tbd"; sourceTree = SDKROOT; };
		D3A92E341FF6468D003D4C65 /* gougou */ = {isa = PBXFileReference; lastKnownFileType = folder; path = gougou; sourceTree = "<group>"; };
		D3A92E361FF65013003D4C65 /* grass */ = {isa = PBXFileReference; lastKnownFileType = folder; path = grass; sourceTree = "<group>"; };
/* End PBXFileReference section */

/* Begin PBXFrameworksBuildPhase section */
		D34C48D71FF4E649004BCD61 /* Frameworks */ = {
			isa = PBXFrameworksBuildPhase;
			buildActionMask = 2147483647;
			files = (
				D3A92E301FF643FA003D4C65 /* libc++.tbd in Frameworks */,
				D3A92E2E1FF643F3003D4C65 /* libz.tbd in Frameworks */,
				D3A92E2C1FF643ED003D4C65 /* libiconv.tbd in Frameworks */,
				D3A92E251FF643E7003D4C65 /* AiyaEffectSDK.framework in Frameworks */,
			);
			runOnlyForDeploymentPostprocessing = 0;
		};
/* End PBXFrameworksBuildPhase section */

/* Begin PBXGroup section */
		D34C48D11FF4E649004BCD61 = {
			isa = PBXGroup;
			children = (
				D3A92E0C1FF643D4003D4C65 /* AiyaEffectSDK.xcodeproj */,
				D34C48DC1FF4E649004BCD61 /* AiyaVideoRecord */,
				D34C48DB1FF4E649004BCD61 /* Products */,
				D3A92E2A1FF643EC003D4C65 /* Frameworks */,
			);
			sourceTree = "<group>";
		};
		D34C48DB1FF4E649004BCD61 /* Products */ = {
			isa = PBXGroup;
			children = (
				D34C48DA1FF4E649004BCD61 /* AiyaVideoRecord.app */,
			);
			name = Products;
			sourceTree = "<group>";
		};
		D34C48DC1FF4E649004BCD61 /* AiyaVideoRecord */ = {
			isa = PBXGroup;
			children = (
				D3A92E361FF65013003D4C65 /* grass */,
				D3A92E341FF6468D003D4C65 /* gougou */,
				D3A92E211FF643DC003D4C65 /* AiyaEffectSDK.bundle */,
				D34C48DD1FF4E64A004BCD61 /* AppDelegate.h */,
				D34C48DE1FF4E64A004BCD61 /* AppDelegate.m */,
				D34C48E01FF4E64A004BCD61 /* ViewController.h */,
				D34C48E11FF4E64A004BCD61 /* ViewController.m */,
				D34C48E61FF4E64A004BCD61 /* Assets.xcassets */,
				D34C48EB1FF4E64A004BCD61 /* Info.plist */,
				D34C48EC1FF4E64B004BCD61 /* main.m */,
				D34C48F31FF4E712004BCD61 /* Camera.h */,
				D34C48F41FF4E712004BCD61 /* Camera.m */,
				D38485A81FF5C9D6005197E5 /* CameraDataProcess.h */,
				D38485A91FF5C9D6005197E5 /* CameraDataProcess.m */,
				D34C48F91FF5045A004BCD61 /* Preview.h */,
				D34C48FA1FF5045A004BCD61 /* Preview.m */,
				D34C48FF1FF50FB5004BCD61 /* OpenglHelper.h */,
				D34C48FE1FF50FB2004BCD61 /* OpenglHelper.m */,
				D38485B31FF62DA4005197E5 /* MediaWriter.h */,
				D38485B21FF62DA0005197E5 /* MediaWriter.m */,
			);
			path = AiyaVideoRecord;
			sourceTree = "<group>";
		};
		D3A92E0D1FF643D4003D4C65 /* Products */ = {
			isa = PBXGroup;
			children = (
				D3A92E161FF643D4003D4C65 /* AiyaEffectSDK.framework */,
				D3A92E181FF643D4003D4C65 /* libAySDKCore.a */,
				D3A92E1A1FF643D4003D4C65 /* libAyTrack.a */,
				D3A92E1C1FF643D4003D4C65 /* libAyEffect.a */,
				D3A92E1E1FF643D4003D4C65 /* libAyBeauty.a */,
				D3A92E201FF643D4003D4C65 /* libAyShortVideoEffect.a */,
			);
			name = Products;
			sourceTree = "<group>";
		};
		D3A92E2A1FF643EC003D4C65 /* Frameworks */ = {
			isa = PBXGroup;
			children = (
				D3A92E2F1FF643FA003D4C65 /* libc++.tbd */,
				D3A92E2D1FF643F3003D4C65 /* libz.tbd */,
				D3A92E2B1FF643ED003D4C65 /* libiconv.tbd */,
			);
			name = Frameworks;
			sourceTree = "<group>";
		};
/* End PBXGroup section */

/* Begin PBXNativeTarget section */
		D34C48D91FF4E649004BCD61 /* AiyaVideoRecord */ = {
			isa = PBXNativeTarget;
			buildConfigurationList = D34C48F01FF4E64B004BCD61 /* Build configuration list for PBXNativeTarget "AiyaVideoRecord" */;
			buildPhases = (
				D34C48D61FF4E649004BCD61 /* Sources */,
				D34C48D71FF4E649004BCD61 /* Frameworks */,
				D34C48D81FF4E649004BCD61 /* Resources */,
				D3A92E291FF643E7003D4C65 /* Embed Frameworks */,
			);
			buildRules = (
			);
			dependencies = (
				D3A92E241FF643E2003D4C65 /* PBXTargetDependency */,
				D3A92E281FF643E7003D4C65 /* PBXTargetDependency */,
			);
			name = AiyaVideoRecord;
			productName = AiyaVideoRecord;
			productReference = D34C48DA1FF4E649004BCD61 /* AiyaVideoRecord.app */;
			productType = "com.apple.product-type.application";
		};
/* End PBXNativeTarget section */

/* Begin PBXProject section */
		D34C48D21FF4E649004BCD61 /* Project object */ = {
			isa = PBXProject;
			attributes = {
				LastUpgradeCheck = 0920;
				ORGANIZATIONNAME = "深圳市哎吖科技有限公司";
				TargetAttributes = {
					D34C48D91FF4E649004BCD61 = {
						CreatedOnToolsVersion = 9.2;
						ProvisioningStyle = Automatic;
					};
				};
			};
			buildConfigurationList = D34C48D51FF4E649004BCD61 /* Build configuration list for PBXProject "AiyaVideoRecord" */;
			compatibilityVersion = "Xcode 8.0";
			developmentRegion = en;
			hasScannedForEncodings = 0;
			knownRegions = (
				en,
				Base,
			);
			mainGroup = D34C48D11FF4E649004BCD61;
			productRefGroup = D34C48DB1FF4E649004BCD61 /* Products */;
			projectDirPath = "";
			projectReferences = (
				{
					ProductGroup = D3A92E0D1FF643D4003D4C65 /* Products */;
					ProjectRef = D3A92E0C1FF643D4003D4C65 /* AiyaEffectSDK.xcodeproj */;
				},
			);
			projectRoot = "";
			targets = (
				D34C48D91FF4E649004BCD61 /* AiyaVideoRecord */,
			);
		};
/* End PBXProject section */

/* Begin PBXReferenceProxy section */
		D3A92E161FF643D4003D4C65 /* AiyaEffectSDK.framework */ = {
			isa = PBXReferenceProxy;
			fileType = wrapper.framework;
			path = AiyaEffectSDK.framework;
			remoteRef = D3A92E151FF643D4003D4C65 /* PBXContainerItemProxy */;
			sourceTree = BUILT_PRODUCTS_DIR;
		};
		D3A92E181FF643D4003D4C65 /* libAySDKCore.a */ = {
			isa = PBXReferenceProxy;
			fileType = archive.ar;
			path = libAySDKCore.a;
			remoteRef = D3A92E171FF643D4003D4C65 /* PBXContainerItemProxy */;
			sourceTree = BUILT_PRODUCTS_DIR;
		};
		D3A92E1A1FF643D4003D4C65 /* libAyTrack.a */ = {
			isa = PBXReferenceProxy;
			fileType = archive.ar;
			path = libAyTrack.a;
			remoteRef = D3A92E191FF643D4003D4C65 /* PBXContainerItemProxy */;
			sourceTree = BUILT_PRODUCTS_DIR;
		};
		D3A92E1C1FF643D4003D4C65 /* libAyEffect.a */ = {
			isa = PBXReferenceProxy;
			fileType = archive.ar;
			path = libAyEffect.a;
			remoteRef = D3A92E1B1FF643D4003D4C65 /* PBXContainerItemProxy */;
			sourceTree = BUILT_PRODUCTS_DIR;
		};
		D3A92E1E1FF643D4003D4C65 /* libAyBeauty.a */ = {
			isa = PBXReferenceProxy;
			fileType = archive.ar;
			path = libAyBeauty.a;
			remoteRef = D3A92E1D1FF643D4003D4C65 /* PBXContainerItemProxy */;
			sourceTree = BUILT_PRODUCTS_DIR;
		};
		D3A92E201FF643D4003D4C65 /* libAyShortVideoEffect.a */ = {
			isa = PBXReferenceProxy;
			fileType = archive.ar;
			path = libAyShortVideoEffect.a;
			remoteRef = D3A92E1F1FF643D4003D4C65 /* PBXContainerItemProxy */;
			sourceTree = BUILT_PRODUCTS_DIR;
		};
/* End PBXReferenceProxy section */

/* Begin PBXResourcesBuildPhase section */
		D34C48D81FF4E649004BCD61 /* Resources */ = {
			isa = PBXResourcesBuildPhase;
			buildActionMask = 2147483647;
			files = (
				D3A92E351FF6468D003D4C65 /* gougou in Resources */,
				D34C48E71FF4E64A004BCD61 /* Assets.xcassets in Resources */,
				D3A92E371FF65013003D4C65 /* grass in Resources */,
				D3A92E221FF643DC003D4C65 /* AiyaEffectSDK.bundle in Resources */,
			);
			runOnlyForDeploymentPostprocessing = 0;
		};
/* End PBXResourcesBuildPhase section */

/* Begin PBXSourcesBuildPhase section */
		D34C48D61FF4E649004BCD61 /* Sources */ = {
			isa = PBXSourcesBuildPhase;
			buildActionMask = 2147483647;
			files = (
				D38485AA1FF5C9D6005197E5 /* CameraDataProcess.m in Sources */,
				D34C48F51FF4E712004BCD61 /* Camera.m in Sources */,
				D34C48E21FF4E64A004BCD61 /* ViewController.m in Sources */,
				D34C48ED1FF4E64B004BCD61 /* main.m in Sources */,
				D34C48DF1FF4E64A004BCD61 /* AppDelegate.m in Sources */,
				D38485B41FF62DA5005197E5 /* MediaWriter.m in Sources */,
				D34C49001FF50FB6004BCD61 /* OpenglHelper.m in Sources */,
				D34C48FB1FF5045A004BCD61 /* Preview.m in Sources */,
			);
			runOnlyForDeploymentPostprocessing = 0;
		};
/* End PBXSourcesBuildPhase section */

/* Begin PBXTargetDependency section */
		D3A92E241FF643E2003D4C65 /* PBXTargetDependency */ = {
			isa = PBXTargetDependency;
			name = AiyaEffectSDK;
			targetProxy = D3A92E231FF643E2003D4C65 /* PBXContainerItemProxy */;
		};
		D3A92E281FF643E7003D4C65 /* PBXTargetDependency */ = {
			isa = PBXTargetDependency;
			name = AiyaEffectSDK;
			targetProxy = D3A92E271FF643E7003D4C65 /* PBXContainerItemProxy */;
		};
/* End PBXTargetDependency section */

/* Begin XCBuildConfiguration section */
		D34C48EE1FF4E64B004BCD61 /* Debug */ = {
			isa = XCBuildConfiguration;
			buildSettings = {
				ALWAYS_SEARCH_USER_PATHS = NO;
				CLANG_ANALYZER_NONNULL = YES;
				CLANG_ANALYZER_NUMBER_OBJECT_CONVERSION = YES_AGGRESSIVE;
				CLANG_CXX_LANGUAGE_STANDARD = "gnu++14";
				CLANG_CXX_LIBRARY = "libc++";
				CLANG_ENABLE_MODULES = YES;
				CLANG_ENABLE_OBJC_ARC = YES;
				CLANG_WARN_BLOCK_CAPTURE_AUTORELEASING = YES;
				CLANG_WARN_BOOL_CONVERSION = YES;
				CLANG_WARN_COMMA = YES;
				CLANG_WARN_CONSTANT_CONVERSION = YES;
				CLANG_WARN_DIRECT_OBJC_ISA_USAGE = YES_ERROR;
				CLANG_WARN_DOCUMENTATION_COMMENTS = YES;
				CLANG_WARN_EMPTY_BODY = YES;
				CLANG_WARN_ENUM_CONVERSION = YES;
				CLANG_WARN_INFINITE_RECURSION = YES;
				CLANG_WARN_INT_CONVERSION = YES;
				CLANG_WARN_NON_LITERAL_NULL_CONVERSION = YES;
				CLANG_WARN_OBJC_LITERAL_CONVERSION = YES;
				CLANG_WARN_OBJC_ROOT_CLASS = YES_ERROR;
				CLANG_WARN_RANGE_LOOP_ANALYSIS = YES;
				CLANG_WARN_STRICT_PROTOTYPES = YES;
				CLANG_WARN_SUSPICIOUS_MOVE = YES;
				CLANG_WARN_UNGUARDED_AVAILABILITY = YES_AGGRESSIVE;
				CLANG_WARN_UNREACHABLE_CODE = YES;
				CLANG_WARN__DUPLICATE_METHOD_MATCH = YES;
				CODE_SIGN_IDENTITY = "iPhone Developer";
				COPY_PHASE_STRIP = NO;
				DEBUG_INFORMATION_FORMAT = dwarf;
				ENABLE_STRICT_OBJC_MSGSEND = YES;
				ENABLE_TESTABILITY = YES;
				GCC_C_LANGUAGE_STANDARD = gnu11;
				GCC_DYNAMIC_NO_PIC = NO;
				GCC_NO_COMMON_BLOCKS = YES;
				GCC_OPTIMIZATION_LEVEL = 0;
				GCC_PREPROCESSOR_DEFINITIONS = (
					"DEBUG=1",
					"$(inherited)",
				);
				GCC_WARN_64_TO_32_BIT_CONVERSION = YES;
				GCC_WARN_ABOUT_RETURN_TYPE = YES_ERROR;
				GCC_WARN_UNDECLARED_SELECTOR = YES;
				GCC_WARN_UNINITIALIZED_AUTOS = YES_AGGRESSIVE;
				GCC_WARN_UNUSED_FUNCTION = YES;
				GCC_WARN_UNUSED_VARIABLE = YES;
				IPHONEOS_DEPLOYMENT_TARGET = 11.2;
				MTL_ENABLE_DEBUG_INFO = YES;
				ONLY_ACTIVE_ARCH = YES;
				SDKROOT = iphoneos;
			};
			name = Debug;
		};
		D34C48EF1FF4E64B004BCD61 /* Release */ = {
			isa = XCBuildConfiguration;
			buildSettings = {
				ALWAYS_SEARCH_USER_PATHS = NO;
				CLANG_ANALYZER_NONNULL = YES;
				CLANG_ANALYZER_NUMBER_OBJECT_CONVERSION = YES_AGGRESSIVE;
				CLANG_CXX_LANGUAGE_STANDARD = "gnu++14";
				CLANG_CXX_LIBRARY = "libc++";
				CLANG_ENABLE_MODULES = YES;
				CLANG_ENABLE_OBJC_ARC = YES;
				CLANG_WARN_BLOCK_CAPTURE_AUTORELEASING = YES;
				CLANG_WARN_BOOL_CONVERSION = YES;
				CLANG_WARN_COMMA = YES;
				CLANG_WARN_CONSTANT_CONVERSION = YES;
				CLANG_WARN_DIRECT_OBJC_ISA_USAGE = YES_ERROR;
				CLANG_WARN_DOCUMENTATION_COMMENTS = YES;
				CLANG_WARN_EMPTY_BODY = YES;
				CLANG_WARN_ENUM_CONVERSION = YES;
				CLANG_WARN_INFINITE_RECURSION = YES;
				CLANG_WARN_INT_CONVERSION = YES;
				CLANG_WARN_NON_LITERAL_NULL_CONVERSION = YES;
				CLANG_WARN_OBJC_LITERAL_CONVERSION = YES;
				CLANG_WARN_OBJC_ROOT_CLASS = YES_ERROR;
				CLANG_WARN_RANGE_LOOP_ANALYSIS = YES;
				CLANG_WARN_STRICT_PROTOTYPES = YES;
				CLANG_WARN_SUSPICIOUS_MOVE = YES;
				CLANG_WARN_UNGUARDED_AVAILABILITY = YES_AGGRESSIVE;
				CLANG_WARN_UNREACHABLE_CODE = YES;
				CLANG_WARN__DUPLICATE_METHOD_MATCH = YES;
				CODE_SIGN_IDENTITY = "iPhone Developer";
				COPY_PHASE_STRIP = NO;
				DEBUG_INFORMATION_FORMAT = "dwarf-with-dsym";
				ENABLE_NS_ASSERTIONS = NO;
				ENABLE_STRICT_OBJC_MSGSEND = YES;
				GCC_C_LANGUAGE_STANDARD = gnu11;
				GCC_NO_COMMON_BLOCKS = YES;
				GCC_WARN_64_TO_32_BIT_CONVERSION = YES;
				GCC_WARN_ABOUT_RETURN_TYPE = YES_ERROR;
				GCC_WARN_UNDECLARED_SELECTOR = YES;
				GCC_WARN_UNINITIALIZED_AUTOS = YES_AGGRESSIVE;
				GCC_WARN_UNUSED_FUNCTION = YES;
				GCC_WARN_UNUSED_VARIABLE = YES;
				IPHONEOS_DEPLOYMENT_TARGET = 11.2;
				MTL_ENABLE_DEBUG_INFO = NO;
				SDKROOT = iphoneos;
				VALIDATE_PRODUCT = YES;
			};
			name = Release;
		};
		D34C48F11FF4E64B004BCD61 /* Debug */ = {
			isa = XCBuildConfiguration;
			buildSettings = {
				ASSETCATALOG_COMPILER_APPICON_NAME = AppIcon;
				ASSETCATALOG_COMPILER_LAUNCHIMAGE_NAME = LaunchImage;
				CODE_SIGN_STYLE = Automatic;
				DEVELOPMENT_TEAM = G29KBS7YUL;
				INFOPLIST_FILE = AiyaVideoRecord/Info.plist;
				IPHONEOS_DEPLOYMENT_TARGET = 8.0;
				LD_RUNPATH_SEARCH_PATHS = "$(inherited) @executable_path/Frameworks";
				PRODUCT_BUNDLE_IDENTIFIER = com.aiyaapp.aiya.VideoRecord;
				PRODUCT_NAME = "$(TARGET_NAME)";
				TARGETED_DEVICE_FAMILY = 1;
			};
			name = Debug;
		};
		D34C48F21FF4E64B004BCD61 /* Release */ = {
			isa = XCBuildConfiguration;
			buildSettings = {
				ASSETCATALOG_COMPILER_APPICON_NAME = AppIcon;
				ASSETCATALOG_COMPILER_LAUNCHIMAGE_NAME = LaunchImage;
				CODE_SIGN_STYLE = Automatic;
				DEVELOPMENT_TEAM = G29KBS7YUL;
				INFOPLIST_FILE = AiyaVideoRecord/Info.plist;
				IPHONEOS_DEPLOYMENT_TARGET = 8.0;
				LD_RUNPATH_SEARCH_PATHS = "$(inherited) @executable_path/Frameworks";
				PRODUCT_BUNDLE_IDENTIFIER = com.aiyaapp.aiya.VideoRecord;
				PRODUCT_NAME = "$(TARGET_NAME)";
				TARGETED_DEVICE_FAMILY = 1;
			};
			name = Release;
		};
/* End XCBuildConfiguration section */

/* Begin XCConfigurationList section */
		D34C48D51FF4E649004BCD61 /* Build configuration list for PBXProject "AiyaVideoRecord" */ = {
			isa = XCConfigurationList;
			buildConfigurations = (
				D34C48EE1FF4E64B004BCD61 /* Debug */,
				D34C48EF1FF4E64B004BCD61 /* Release */,
			);
			defaultConfigurationIsVisible = 0;
			defaultConfigurationName = Release;
		};
		D34C48F01FF4E64B004BCD61 /* Build configuration list for PBXNativeTarget "AiyaVideoRecord" */ = {
			isa = XCConfigurationList;
			buildConfigurations = (
				D34C48F11FF4E64B004BCD61 /* Debug */,
				D34C48F21FF4E64B004BCD61 /* Release */,
			);
			defaultConfigurationIsVisible = 0;
			defaultConfigurationName = Release;
		};
/* End XCConfigurationList section */
	};
	rootObject = D34C48D21FF4E649004BCD61 /* Project object */;
}
